
Microsoft Visual Studio Solution File, Format Version 12.00
# Visual Studio Version 17
VisualStudioVersion = 17.4.33213.308
MinimumVisualStudioVersion = 10.0.40219.1
Project("{9A19103F-16F7-4668-BE54-9A1E7A4F7556}") = "Producer", "Producer\Producer.csproj", "{FAAE6467-D02E-422C-9797-000F8E56D726}"
EndProject
Project("{9A19103F-16F7-4668-BE54-9A1E7A4F7556}") = "Consumer", "Consumer\Consumer.csproj", "{1F4ACFD4-8AF2-403C-B24F-771AF79E4086}"
EndProject
Project("{FAE04EC0-301F-11D3-BF4B-00C04F79EFBC}") = "KafkaAdmin", "KafkaAdmin\KafkaAdmin.csproj", "{6D83B3DC-3817-4B87-BDBC-239E4D4B44CD}"
EndProject
Global
	GlobalSection(SolutionConfigurationPlatforms) = preSolution
		Debug|Any CPU = Debug|Any CPU
		Release|Any CPU = Release|Any CPU
	EndGlobalSection
	GlobalSection(ProjectConfigurationPlatforms) = postSolution
		{FAAE6467-D02E-422C-9797-000F8E56D726}.Debug|Any CPU.ActiveCfg = Debug|Any CPU
		{FAAE6467-D02E-422C-9797-000F8E56D726}.Debug|Any CPU.Build.0 = Debug|Any CPU
		{FAAE6467-D02E-422C-9797-000F8E56D726}.Release|Any CPU.ActiveCfg = Release|Any CPU
		{FAAE6467-D02E-422C-9797-000F8E56D726}.Release|Any CPU.Build.0 = Release|Any CPU
		{1F4ACFD4-8AF2-403C-B24F-771AF79E4086}.Debug|Any CPU.ActiveCfg = Debug|Any CPU
		{1F4ACFD4-8AF2-403C-B24F-771AF79E4086}.Debug|Any CPU.Build.0 = Debug|Any CPU
		{1F4ACFD4-8AF2-403C-B24F-771AF79E4086}.Release|Any CPU.ActiveCfg = Release|Any CPU
		{1F4ACFD4-8AF2-403C-B24F-771AF79E4086}.Release|Any CPU.Build.0 = Release|Any CPU
		{6D83B3DC-3817-4B87-BDBC-239E4D4B44CD}.Debug|Any CPU.ActiveCfg = Debug|Any CPU
		{6D83B3DC-3817-4B87-BDBC-239E4D4B44CD}.Debug|Any CPU.Build.0 = Debug|Any CPU
		{6D83B3DC-3817-4B87-BDBC-239E4D4B44CD}.Release|Any CPU.ActiveCfg = Release|Any CPU
		{6D83B3DC-3817-4B87-BDBC-239E4D4B44CD}.Release|Any CPU.Build.0 = Release|Any CPU
	EndGlobalSection
	GlobalSection(SolutionProperties) = preSolution
		HideSolutionNode = FALSE
	EndGlobalSection
	GlobalSection(ExtensibilityGlobals) = postSolution
		SolutionGuid = {FDC41170-0166-4DB7-98C8-6E7912D04385}
	EndGlobalSection
EndGlobal
